
Microsoft Visual Studio Solution File, Format Version 12.00
# Visual Studio Version 16
VisualStudioVersion = 16.0.30621.155
MinimumVisualStudioVersion = 10.0.40219.1
Project("{FAE04EC0-301F-11D3-BF4B-00C04F79EFBC}") = "Febraban240", "Febraban240.csproj", "{6A74CDE4-4E9A-48BD-A0FC-B555CC1C335A}"
EndProject
Global
	GlobalSection(SolutionConfigurationPlatforms) = preSolution
		Debug|Any CPU = Debug|Any CPU
		Release|Any CPU = Release|Any CPU
	EndGlobalSection
	GlobalSection(ProjectConfigurationPlatforms) = postSolution
		{6A74CDE4-4E9A-48BD-A0FC-B555CC1C335A}.Debug|Any CPU.ActiveCfg = Debug|Any CPU
		{6A74CDE4-4E9A-48BD-A0FC-B555CC1C335A}.Debug|Any CPU.Build.0 = Debug|Any CPU
		{6A74CDE4-4E9A-48BD-A0FC-B555CC1C335A}.Release|Any CPU.ActiveCfg = Release|Any CPU
		{6A74CDE4-4E9A-48BD-A0FC-B555CC1C335A}.Release|Any CPU.Build.0 = Release|Any CPU
	EndGlobalSection
	GlobalSection(SolutionProperties) = preSolution
		HideSolutionNode = FALSE
	EndGlobalSection
	GlobalSection(ExtensibilityGlobals) = postSolution
		SolutionGuid = {8AD2468D-0CF5-4D2F-AA9A-001E0182FA47}
	EndGlobalSection
EndGlobal
